Microsoft Visual Studio Solution File, Format Version 11.00
# Visual Studio 2008

Project("{F9145FD7-5DDC-A204-706D-0E40DB2D7707}") = "BallRuleIOS", "Assembly-CSharp-firstpass.csproj", "{215CD100-0782-895A-3315-60CF3DBC17FB}"
EndProject
Project("{F9145FD7-5DDC-A204-706D-0E40DB2D7707}") = "BallRuleIOS", "Assembly-CSharp.csproj", "{A128E061-8EF3-19A1-34AB-ED03F954D898}"
EndProject
Project("{F9145FD7-5DDC-A204-706D-0E40DB2D7707}") = "BallRuleIOS", "Assembly-CSharp-Editor.csproj", "{30151EBE-2A07-1AE5-CFB1-A4A493D85531}"
EndProject
Global
	GlobalSection(SolutionConfigurationPlatforms) = preSolution
		Debug|Any CPU = Debug|Any CPU
		Release|Any CPU = Release|Any CPU
	EndGlobalSection
	GlobalSection(ProjectConfigurationPlatforms) = postSolution
		{215CD100-0782-895A-3315-60CF3DBC17FB}.Debug|Any CPU.ActiveCfg = Debug|Any CPU
		{215CD100-0782-895A-3315-60CF3DBC17FB}.Debug|Any CPU.Build.0 = Debug|Any CPU
		{215CD100-0782-895A-3315-60CF3DBC17FB}.Release|Any CPU.ActiveCfg = Release|Any CPU
		{215CD100-0782-895A-3315-60CF3DBC17FB}.Release|Any CPU.Build.0 = Release|Any CPU
		{A128E061-8EF3-19A1-34AB-ED03F954D898}.Debug|Any CPU.ActiveCfg = Debug|Any CPU
		{A128E061-8EF3-19A1-34AB-ED03F954D898}.Debug|Any CPU.Build.0 = Debug|Any CPU
		{A128E061-8EF3-19A1-34AB-ED03F954D898}.Release|Any CPU.ActiveCfg = Release|Any CPU
		{A128E061-8EF3-19A1-34AB-ED03F954D898}.Release|Any CPU.Build.0 = Release|Any CPU
		{30151EBE-2A07-1AE5-CFB1-A4A493D85531}.Debug|Any CPU.ActiveCfg = Debug|Any CPU
		{30151EBE-2A07-1AE5-CFB1-A4A493D85531}.Debug|Any CPU.Build.0 = Debug|Any CPU
		{30151EBE-2A07-1AE5-CFB1-A4A493D85531}.Release|Any CPU.ActiveCfg = Release|Any CPU
		{30151EBE-2A07-1AE5-CFB1-A4A493D85531}.Release|Any CPU.Build.0 = Release|Any CPU
	EndGlobalSection
	GlobalSection(SolutionProperties) = preSolution
		HideSolutionNode = FALSE
	EndGlobalSection
	GlobalSection(MonoDevelopProperties) = preSolution
		StartupItem = Assembly-CSharp.csproj
	EndGlobalSection
EndGlobal
