Microsoft Visual Studio Solution File, Format Version 11.00
# Visual Studio 2008

Project("{0E976AFC-981F-6286-617E-E713ABDDBF7C}") = "BallRule", "Assembly-CSharp-firstpass.csproj", "{2A6C9B4A-D682-D8FC-6D14-8DAB74557970}"
EndProject
Project("{0E976AFC-981F-6286-617E-E713ABDDBF7C}") = "BallRule", "Assembly-CSharp.csproj", "{2C5888D2-BD6F-B7EC-5B64-7D6D29A97709}"
EndProject
Project("{0E976AFC-981F-6286-617E-E713ABDDBF7C}") = "BallRule", "Assembly-CSharp-Editor.csproj", "{188EDF92-95F7-4DA1-13C7-EF758D156F4F}"
EndProject
Global
	GlobalSection(SolutionConfigurationPlatforms) = preSolution
		Debug|Any CPU = Debug|Any CPU
		Release|Any CPU = Release|Any CPU
	EndGlobalSection
	GlobalSection(ProjectConfigurationPlatforms) = postSolution
		{2A6C9B4A-D682-D8FC-6D14-8DAB74557970}.Debug|Any CPU.ActiveCfg = Debug|Any CPU
		{2A6C9B4A-D682-D8FC-6D14-8DAB74557970}.Debug|Any CPU.Build.0 = Debug|Any CPU
		{2A6C9B4A-D682-D8FC-6D14-8DAB74557970}.Release|Any CPU.ActiveCfg = Release|Any CPU
		{2A6C9B4A-D682-D8FC-6D14-8DAB74557970}.Release|Any CPU.Build.0 = Release|Any CPU
		{2C5888D2-BD6F-B7EC-5B64-7D6D29A97709}.Debug|Any CPU.ActiveCfg = Debug|Any CPU
		{2C5888D2-BD6F-B7EC-5B64-7D6D29A97709}.Debug|Any CPU.Build.0 = Debug|Any CPU
		{2C5888D2-BD6F-B7EC-5B64-7D6D29A97709}.Release|Any CPU.ActiveCfg = Release|Any CPU
		{2C5888D2-BD6F-B7EC-5B64-7D6D29A97709}.Release|Any CPU.Build.0 = Release|Any CPU
		{188EDF92-95F7-4DA1-13C7-EF758D156F4F}.Debug|Any CPU.ActiveCfg = Debug|Any CPU
		{188EDF92-95F7-4DA1-13C7-EF758D156F4F}.Debug|Any CPU.Build.0 = Debug|Any CPU
		{188EDF92-95F7-4DA1-13C7-EF758D156F4F}.Release|Any CPU.ActiveCfg = Release|Any CPU
		{188EDF92-95F7-4DA1-13C7-EF758D156F4F}.Release|Any CPU.Build.0 = Release|Any CPU
	EndGlobalSection
	GlobalSection(SolutionProperties) = preSolution
		HideSolutionNode = FALSE
	EndGlobalSection
	GlobalSection(MonoDevelopProperties) = preSolution
		StartupItem = Assembly-CSharp.csproj
	EndGlobalSection
EndGlobal
